
Microsoft Visual Studio Solution File, Format Version 11.00
# Visual Studio 2010
Project("{FAE04EC0-301F-11D3-BF4B-00C04F79EFBC}") = "VuforianTrial", "Assembly-CSharp.csproj", "{7B47C856-5D73-2AA6-7844-07AFC855170F}"
EndProject
Project("{FAE04EC0-301F-11D3-BF4B-00C04F79EFBC}") = "VuforianTrial", "Assembly-CSharp-Editor.csproj", "{2FCE20F7-077D-C8F2-ADD4-E867CC413FE3}"
EndProject
Global
	GlobalSection(SolutionConfigurationPlatforms) = preSolution
		Debug|Any CPU = Debug|Any CPU
		Release|Any CPU = Release|Any CPU
	EndGlobalSection
	GlobalSection(ProjectConfigurationPlatforms) = postSolution
		{7B47C856-5D73-2AA6-7844-07AFC855170F}.Debug|Any CPU.ActiveCfg = Debug|Any CPU
		{7B47C856-5D73-2AA6-7844-07AFC855170F}.Debug|Any CPU.Build.0 = Debug|Any CPU
		{7B47C856-5D73-2AA6-7844-07AFC855170F}.Release|Any CPU.ActiveCfg = Release|Any CPU
		{7B47C856-5D73-2AA6-7844-07AFC855170F}.Release|Any CPU.Build.0 = Release|Any CPU
		{2FCE20F7-077D-C8F2-ADD4-E867CC413FE3}.Debug|Any CPU.ActiveCfg = Debug|Any CPU
		{2FCE20F7-077D-C8F2-ADD4-E867CC413FE3}.Debug|Any CPU.Build.0 = Debug|Any CPU
		{2FCE20F7-077D-C8F2-ADD4-E867CC413FE3}.Release|Any CPU.ActiveCfg = Release|Any CPU
		{2FCE20F7-077D-C8F2-ADD4-E867CC413FE3}.Release|Any CPU.Build.0 = Release|Any CPU
	EndGlobalSection
	GlobalSection(SolutionProperties) = preSolution
		HideSolutionNode = FALSE
	EndGlobalSection
	GlobalSection(MonoDevelopProperties) = preSolution
		StartupItem = Assembly-CSharp.csproj
	EndGlobalSection
EndGlobal
